
Microsoft Visual Studio Solution File, Format Version 12.00
# Visual Studio 15
VisualStudioVersion = 15.0.27004.2006
MinimumVisualStudioVersion = 10.0.40219.1
Project("{FAE04EC0-301F-11D3-BF4B-00C04F79EFBC}") = "Phony", "src\Phony.csproj", "{2EADCED1-524E-4FDF-B25D-7C0F60BBFDCC}"
EndProject
Global
	GlobalSection(SolutionConfigurationPlatforms) = preSolution
		Debug|Any CPU = Debug|Any CPU
		Release|Any CPU = Release|Any CPU
	EndGlobalSection
	GlobalSection(ProjectConfigurationPlatforms) = postSolution
		{2EADCED1-524E-4FDF-B25D-7C0F60BBFDCC}.Debug|Any CPU.ActiveCfg = Debug|Any CPU
		{2EADCED1-524E-4FDF-B25D-7C0F60BBFDCC}.Debug|Any CPU.Build.0 = Debug|Any CPU
		{2EADCED1-524E-4FDF-B25D-7C0F60BBFDCC}.Release|Any CPU.ActiveCfg = Release|Any CPU
		{2EADCED1-524E-4FDF-B25D-7C0F60BBFDCC}.Release|Any CPU.Build.0 = Release|Any CPU
	EndGlobalSection
	GlobalSection(SolutionProperties) = preSolution
		HideSolutionNode = FALSE
	EndGlobalSection
	GlobalSection(ExtensibilityGlobals) = postSolution
		SolutionGuid = {F2445AD9-9ADC-4FC6-8B30-769DFCC61ACF}
	EndGlobalSection
EndGlobal
