
Microsoft Visual Studio Solution File, Format Version 12.00
# Visual Studio Version 16
VisualStudioVersion = 16.0.28621.142
MinimumVisualStudioVersion = 10.0.40219.1
Project("{9A19103F-16F7-4668-BE54-9A1E7A4F7556}") = "Phony.WPF", "src\WPF\Phony.WPF.csproj", "{2EADCED1-524E-4FDF-B25D-7C0F60BBFDCC}"
	ProjectSection(ProjectDependencies) = postProject
		{514652A4-D240-49ED-8258-F87000000257} = {514652A4-D240-49ED-8258-F87000000257}
	EndProjectSection
EndProject
Project("{930C7802-8A8C-48F9-8165-68863BCCD9DD}") = "Installer", "Installer\Installer.wixproj", "{E156EECD-9F9D-4939-BF84-B9E00BA7F700}"
EndProject
Project("{930C7802-8A8C-48F9-8165-68863BCCD9DD}") = "InstallerBootstrapper", "InstallerBootstrapper\InstallerBootstrapper.wixproj", "{B67D5C76-C9B1-4DB5-A0CA-4623CD283799}"
	ProjectSection(ProjectDependencies) = postProject
		{E156EECD-9F9D-4939-BF84-B9E00BA7F700} = {E156EECD-9F9D-4939-BF84-B9E00BA7F700}
	EndProjectSection
EndProject
Project("{930C7802-8A8C-48F9-8165-68863BCCD9DD}") = "InstallerBootstrapperX64", "InstallerBootstrapperX64\InstallerBootstrapperX64.wixproj", "{0B308F73-7957-4CA7-B3C3-306AAD31CC94}"
	ProjectSection(ProjectDependencies) = postProject
		{E156EECD-9F9D-4939-BF84-B9E00BA7F700} = {E156EECD-9F9D-4939-BF84-B9E00BA7F700}
		{2EADCED1-524E-4FDF-B25D-7C0F60BBFDCC} = {2EADCED1-524E-4FDF-B25D-7C0F60BBFDCC}
	EndProjectSection
EndProject
Project("{9A19103F-16F7-4668-BE54-9A1E7A4F7556}") = "Phony.Data", "src\DataCore\Phony.Data.csproj", "{514652A4-D240-49ED-8258-F87000000257}"
EndProject
Project("{9A19103F-16F7-4668-BE54-9A1E7A4F7556}") = "Phony.MessageBox", "src\MessageBox\Phony.MessageBox.csproj", "{4628FD27-E488-4A51-A574-3BB7EB3014E9}"
EndProject
Project("{2150E333-8FDC-42A3-9474-1A3956D46DE8}") = "Solution Items", "Solution Items", "{77AA9645-8977-4432-B6A8-AC9C2E2AC622}"
	ProjectSection(SolutionItems) = preProject
		.editorconfig = .editorconfig
	EndProjectSection
EndProject
Project("{9A19103F-16F7-4668-BE54-9A1E7A4F7556}") = "TinyLittleMvvm", "src\TinyLittleMvvm\TinyLittleMvvm.csproj", "{E547E497-467D-4ADD-AE8C-D55D94FF0158}"
EndProject
Global
	GlobalSection(SolutionConfigurationPlatforms) = preSolution
		Debug|Any CPU = Debug|Any CPU
		Debug|x86 = Debug|x86
		Release|Any CPU = Release|Any CPU
		Release|x86 = Release|x86
	EndGlobalSection
	GlobalSection(ProjectConfigurationPlatforms) = postSolution
		{2EADCED1-524E-4FDF-B25D-7C0F60BBFDCC}.Debug|Any CPU.ActiveCfg = Debug|Any CPU
		{2EADCED1-524E-4FDF-B25D-7C0F60BBFDCC}.Debug|Any CPU.Build.0 = Debug|Any CPU
		{2EADCED1-524E-4FDF-B25D-7C0F60BBFDCC}.Debug|x86.ActiveCfg = Debug|Any CPU
		{2EADCED1-524E-4FDF-B25D-7C0F60BBFDCC}.Debug|x86.Build.0 = Debug|Any CPU
		{2EADCED1-524E-4FDF-B25D-7C0F60BBFDCC}.Release|Any CPU.ActiveCfg = Release|Any CPU
		{2EADCED1-524E-4FDF-B25D-7C0F60BBFDCC}.Release|Any CPU.Build.0 = Release|Any CPU
		{2EADCED1-524E-4FDF-B25D-7C0F60BBFDCC}.Release|x86.ActiveCfg = Release|Any CPU
		{2EADCED1-524E-4FDF-B25D-7C0F60BBFDCC}.Release|x86.Build.0 = Release|Any CPU
		{E156EECD-9F9D-4939-BF84-B9E00BA7F700}.Debug|Any CPU.ActiveCfg = Debug|x86
		{E156EECD-9F9D-4939-BF84-B9E00BA7F700}.Debug|x86.ActiveCfg = Debug|x86
		{E156EECD-9F9D-4939-BF84-B9E00BA7F700}.Debug|x86.Build.0 = Debug|x86
		{E156EECD-9F9D-4939-BF84-B9E00BA7F700}.Release|Any CPU.ActiveCfg = Release|x86
		{E156EECD-9F9D-4939-BF84-B9E00BA7F700}.Release|x86.ActiveCfg = Release|x86
		{E156EECD-9F9D-4939-BF84-B9E00BA7F700}.Release|x86.Build.0 = Release|x86
		{B67D5C76-C9B1-4DB5-A0CA-4623CD283799}.Debug|Any CPU.ActiveCfg = Debug|x86
		{B67D5C76-C9B1-4DB5-A0CA-4623CD283799}.Debug|x86.ActiveCfg = Debug|x86
		{B67D5C76-C9B1-4DB5-A0CA-4623CD283799}.Debug|x86.Build.0 = Debug|x86
		{B67D5C76-C9B1-4DB5-A0CA-4623CD283799}.Release|Any CPU.ActiveCfg = Release|x86
		{B67D5C76-C9B1-4DB5-A0CA-4623CD283799}.Release|x86.ActiveCfg = Release|x86
		{B67D5C76-C9B1-4DB5-A0CA-4623CD283799}.Release|x86.Build.0 = Release|x86
		{0B308F73-7957-4CA7-B3C3-306AAD31CC94}.Debug|Any CPU.ActiveCfg = Debug|x86
		{0B308F73-7957-4CA7-B3C3-306AAD31CC94}.Debug|x86.ActiveCfg = Debug|x86
		{0B308F73-7957-4CA7-B3C3-306AAD31CC94}.Debug|x86.Build.0 = Debug|x86
		{0B308F73-7957-4CA7-B3C3-306AAD31CC94}.Release|Any CPU.ActiveCfg = Release|x86
		{0B308F73-7957-4CA7-B3C3-306AAD31CC94}.Release|x86.ActiveCfg = Release|x86
		{0B308F73-7957-4CA7-B3C3-306AAD31CC94}.Release|x86.Build.0 = Release|x86
		{514652A4-D240-49ED-8258-F87000000257}.Debug|Any CPU.ActiveCfg = Debug|Any CPU
		{514652A4-D240-49ED-8258-F87000000257}.Debug|Any CPU.Build.0 = Debug|Any CPU
		{514652A4-D240-49ED-8258-F87000000257}.Debug|x86.ActiveCfg = Debug|Any CPU
		{514652A4-D240-49ED-8258-F87000000257}.Debug|x86.Build.0 = Debug|Any CPU
		{514652A4-D240-49ED-8258-F87000000257}.Release|Any CPU.ActiveCfg = Release|Any CPU
		{514652A4-D240-49ED-8258-F87000000257}.Release|Any CPU.Build.0 = Release|Any CPU
		{514652A4-D240-49ED-8258-F87000000257}.Release|x86.ActiveCfg = Release|Any CPU
		{514652A4-D240-49ED-8258-F87000000257}.Release|x86.Build.0 = Release|Any CPU
		{4628FD27-E488-4A51-A574-3BB7EB3014E9}.Debug|Any CPU.ActiveCfg = Debug|Any CPU
		{4628FD27-E488-4A51-A574-3BB7EB3014E9}.Debug|Any CPU.Build.0 = Debug|Any CPU
		{4628FD27-E488-4A51-A574-3BB7EB3014E9}.Debug|x86.ActiveCfg = Debug|Any CPU
		{4628FD27-E488-4A51-A574-3BB7EB3014E9}.Debug|x86.Build.0 = Debug|Any CPU
		{4628FD27-E488-4A51-A574-3BB7EB3014E9}.Release|Any CPU.ActiveCfg = Release|Any CPU
		{4628FD27-E488-4A51-A574-3BB7EB3014E9}.Release|Any CPU.Build.0 = Release|Any CPU
		{4628FD27-E488-4A51-A574-3BB7EB3014E9}.Release|x86.ActiveCfg = Release|Any CPU
		{4628FD27-E488-4A51-A574-3BB7EB3014E9}.Release|x86.Build.0 = Release|Any CPU
		{E547E497-467D-4ADD-AE8C-D55D94FF0158}.Debug|Any CPU.ActiveCfg = Debug|Any CPU
		{E547E497-467D-4ADD-AE8C-D55D94FF0158}.Debug|Any CPU.Build.0 = Debug|Any CPU
		{E547E497-467D-4ADD-AE8C-D55D94FF0158}.Debug|x86.ActiveCfg = Debug|Any CPU
		{E547E497-467D-4ADD-AE8C-D55D94FF0158}.Debug|x86.Build.0 = Debug|Any CPU
		{E547E497-467D-4ADD-AE8C-D55D94FF0158}.Release|Any CPU.ActiveCfg = Release|Any CPU
		{E547E497-467D-4ADD-AE8C-D55D94FF0158}.Release|Any CPU.Build.0 = Release|Any CPU
		{E547E497-467D-4ADD-AE8C-D55D94FF0158}.Release|x86.ActiveCfg = Release|Any CPU
		{E547E497-467D-4ADD-AE8C-D55D94FF0158}.Release|x86.Build.0 = Release|Any CPU
	EndGlobalSection
	GlobalSection(SolutionProperties) = preSolution
		HideSolutionNode = FALSE
	EndGlobalSection
	GlobalSection(ExtensibilityGlobals) = postSolution
		SolutionGuid = {F2445AD9-9ADC-4FC6-8B30-769DFCC61ACF}
	EndGlobalSection
EndGlobal
